// !$*UTF8*$!
{
	archiveVersion = 1;
	classes = {
	};
	objectVersion = 50;
	objects = {

/* Begin PBXBuildFile section */
		0A063326265967F90092257C /* main.cpp in Sources */ = {isa = PBXBuildFile; fileRef = 0A063325265967F90092257C /* main.cpp */; };
		0A063339265969470092257C /* Cocoa.framework in Frameworks */ = {isa = PBXBuildFile; fileRef = 0A063338265969470092257C /* Cocoa.framework */; };
		0A06333B2659694F0092257C /* OpenGL.framework in Frameworks */ = {isa = PBXBuildFile; fileRef = 0A06333A2659694F0092257C /* OpenGL.framework */; };
		0A06333D265969550092257C /* IOKit.framework in Frameworks */ = {isa = PBXBuildFile; fileRef = 0A06333C265969550092257C /* IOKit.framework */; };
		0A06333F2659695D0092257C /* CoreVideo.framework in Frameworks */ = {isa = PBXBuildFile; fileRef = 0A06333E2659695D0092257C /* CoreVideo.framework */; };
		0A81F31A26756052007EACD3 /* pch.cpp in Sources */ = {isa = PBXBuildFile; fileRef = 0A81F31926756052007EACD3 /* pch.cpp */; };
		0A81F31B26756F06007EACD3 /* libGLEW.a in Frameworks */ = {isa = PBXBuildFile; fileRef = 0A063334265968AD0092257C /* libGLEW.a */; };
		0A81F31F26756F1A007EACD3 /* libglfw3.a in Frameworks */ = {isa = PBXBuildFile; fileRef = 0A81F31D26756F10007EACD3 /* libglfw3.a */; };
/* End PBXBuildFile section */

/* Begin PBXCopyFilesBuildPhase section */
		0A063320265967F90092257C /* CopyFiles */ = {
			isa = PBXCopyFilesBuildPhase;
			buildActionMask = 2147483647;
			dstPath = /usr/share/man/man1/;
			dstSubfolderSpec = 0;
			files = (
			);
			runOnlyForDeploymentPostprocessing = 1;
		};
/* End PBXCopyFilesBuildPhase section */

/* Begin PBXFileReference section */
		0A063322265967F90092257C /* Game Engine */ = {isa = PBXFileReference; explicitFileType = "compiled.mach-o.executable"; includeInIndex = 0; path = "Game Engine"; sourceTree = BUILT_PRODUCTS_DIR; };
		0A063325265967F90092257C /* main.cpp */ = {isa = PBXFileReference; lastKnownFileType = sourcecode.cpp.cpp; path = main.cpp; sourceTree = "<group>"; };
		0A06332C265968630092257C /* pch.h */ = {isa = PBXFileReference; lastKnownFileType = sourcecode.c.h; path = pch.h; sourceTree = "<group>"; };
		0A06332F265968AD0092257C /* glfw3.h */ = {isa = PBXFileReference; fileEncoding = 4; lastKnownFileType = sourcecode.c.h; path = glfw3.h; sourceTree = "<group>"; };
		0A063330265968AD0092257C /* glfw3native.h */ = {isa = PBXFileReference; fileEncoding = 4; lastKnownFileType = sourcecode.c.h; path = glfw3native.h; sourceTree = "<group>"; };
		0A063331265968AD0092257C /* glew.h */ = {isa = PBXFileReference; fileEncoding = 4; lastKnownFileType = sourcecode.c.h; path = glew.h; sourceTree = "<group>"; };
		0A063333265968AD0092257C /* libglfw3.a */ = {isa = PBXFileReference; lastKnownFileType = archive.ar; path = libglfw3.a; sourceTree = "<group>"; };
		0A063334265968AD0092257C /* libGLEW.a */ = {isa = PBXFileReference; lastKnownFileType = archive.ar; path = libGLEW.a; sourceTree = "<group>"; };
		0A063338265969470092257C /* Cocoa.framework */ = {isa = PBXFileReference; lastKnownFileType = wrapper.framework; name = Cocoa.framework; path = System/Library/Frameworks/Cocoa.framework; sourceTree = SDKROOT; };
		0A06333A2659694F0092257C /* OpenGL.framework */ = {isa = PBXFileReference; lastKnownFileType = wrapper.framework; name = OpenGL.framework; path = System/Library/Frameworks/OpenGL.framework; sourceTree = SDKROOT; };
		0A06333C265969550092257C /* IOKit.framework */ = {isa = PBXFileReference; lastKnownFileType = wrapper.framework; name = IOKit.framework; path = System/Library/Frameworks/IOKit.framework; sourceTree = SDKROOT; };
		0A06333E2659695D0092257C /* CoreVideo.framework */ = {isa = PBXFileReference; lastKnownFileType = wrapper.framework; name = CoreVideo.framework; path = System/Library/Frameworks/CoreVideo.framework; sourceTree = SDKROOT; };
		0A81F31726755F82007EACD3 /* All.h */ = {isa = PBXFileReference; lastKnownFileType = sourcecode.c.h; path = All.h; sourceTree = "<group>"; };
		0A81F31826756004007EACD3 /* Core.h */ = {isa = PBXFileReference; lastKnownFileType = sourcecode.c.h; path = Core.h; sourceTree = "<group>"; };
		0A81F31926756052007EACD3 /* pch.cpp */ = {isa = PBXFileReference; lastKnownFileType = sourcecode.cpp.cpp; path = pch.cpp; sourceTree = "<group>"; };
		0A81F31D26756F10007EACD3 /* libglfw3.a */ = {isa = PBXFileReference; lastKnownFileType = archive.ar; path = libglfw3.a; sourceTree = "<group>"; };
		0A81F31E26756F10007EACD3 /* libGLEW.a */ = {isa = PBXFileReference; lastKnownFileType = archive.ar; path = libGLEW.a; sourceTree = "<group>"; };
		0A8FBF82265BE76D00425435 /* README.md */ = {isa = PBXFileReference; lastKnownFileType = net.daringfireball.markdown; path = README.md; sourceTree = "<group>"; };
		0ABD128A267A9FE600A8CE6D /* Vec2.h */ = {isa = PBXFileReference; lastKnownFileType = sourcecode.c.h; path = Vec2.h; sourceTree = "<group>"; };
		0ABD128B267AA71300A8CE6D /* Range.h */ = {isa = PBXFileReference; lastKnownFileType = sourcecode.c.h; path = Range.h; sourceTree = "<group>"; };
/* End PBXFileReference section */

/* Begin PBXFrameworksBuildPhase section */
		0A06331F265967F90092257C /* Frameworks */ = {
			isa = PBXFrameworksBuildPhase;
			buildActionMask = 2147483647;
			files = (
				0A81F31B26756F06007EACD3 /* libGLEW.a in Frameworks */,
				0A06333F2659695D0092257C /* CoreVideo.framework in Frameworks */,
				0A06333D265969550092257C /* IOKit.framework in Frameworks */,
				0A06333B2659694F0092257C /* OpenGL.framework in Frameworks */,
				0A063339265969470092257C /* Cocoa.framework in Frameworks */,
				0A81F31F26756F1A007EACD3 /* libglfw3.a in Frameworks */,
			);
			runOnlyForDeploymentPostprocessing = 0;
		};
/* End PBXFrameworksBuildPhase section */

/* Begin PBXGroup section */
		0A063319265967F90092257C = {
			isa = PBXGroup;
			children = (
				0A81F31626755F40007EACD3 /* math */,
				0A8FBF82265BE76D00425435 /* README.md */,
				0A06332D265968780092257C /* deps */,
				0A063324265967F90092257C /* src */,
				0A063323265967F90092257C /* Products */,
				0A063337265969470092257C /* Frameworks */,
			);
			sourceTree = "<group>";
		};
		0A063323265967F90092257C /* Products */ = {
			isa = PBXGroup;
			children = (
				0A063322265967F90092257C /* Game Engine */,
			);
			name = Products;
			sourceTree = "<group>";
		};
		0A063324265967F90092257C /* src */ = {
			isa = PBXGroup;
			children = (
				0A063325265967F90092257C /* main.cpp */,
				0A06332C265968630092257C /* pch.h */,
				0A81F31926756052007EACD3 /* pch.cpp */,
			);
			path = src;
			sourceTree = "<group>";
		};
		0A06332D265968780092257C /* deps */ = {
			isa = PBXGroup;
			children = (
				0A06332E265968AD0092257C /* include */,
				0A063332265968AD0092257C /* lib */,
			);
			path = deps;
			sourceTree = "<group>";
		};
		0A06332E265968AD0092257C /* include */ = {
			isa = PBXGroup;
			children = (
				0A06332F265968AD0092257C /* glfw3.h */,
				0A063330265968AD0092257C /* glfw3native.h */,
				0A063331265968AD0092257C /* glew.h */,
			);
			path = include;
			sourceTree = "<group>";
		};
		0A063332265968AD0092257C /* lib */ = {
			isa = PBXGroup;
			children = (
				0A063333265968AD0092257C /* libglfw3.a */,
				0A063334265968AD0092257C /* libGLEW.a */,
			);
			path = lib;
			sourceTree = "<group>";
		};
		0A063337265969470092257C /* Frameworks */ = {
			isa = PBXGroup;
			children = (
				0A81F31C26756F10007EACD3 /* lib */,
				0A06333E2659695D0092257C /* CoreVideo.framework */,
				0A06333C265969550092257C /* IOKit.framework */,
				0A06333A2659694F0092257C /* OpenGL.framework */,
				0A063338265969470092257C /* Cocoa.framework */,
			);
			name = Frameworks;
			sourceTree = "<group>";
		};
		0A81F31626755F40007EACD3 /* math */ = {
			isa = PBXGroup;
			children = (
				0A81F31726755F82007EACD3 /* All.h */,
				0A81F31826756004007EACD3 /* Core.h */,
				0ABD128A267A9FE600A8CE6D /* Vec2.h */,
				0ABD128B267AA71300A8CE6D /* Range.h */,
			);
			path = math;
			sourceTree = "<group>";
		};
		0A81F31C26756F10007EACD3 /* lib */ = {
			isa = PBXGroup;
			children = (
				0A81F31D26756F10007EACD3 /* libglfw3.a */,
				0A81F31E26756F10007EACD3 /* libGLEW.a */,
			);
			name = lib;
			path = deps/lib;
			sourceTree = "<group>";
		};
/* End PBXGroup section */

/* Begin PBXNativeTarget section */
		0A063321265967F90092257C /* Game Engine */ = {
			isa = PBXNativeTarget;
			buildConfigurationList = 0A063329265967F90092257C /* Build configuration list for PBXNativeTarget "Game Engine" */;
			buildPhases = (
				0A06331E265967F90092257C /* Sources */,
				0A06331F265967F90092257C /* Frameworks */,
				0A063320265967F90092257C /* CopyFiles */,
			);
			buildRules = (
			);
			dependencies = (
			);
			name = "Game Engine";
			productName = "Game Engine";
			productReference = 0A063322265967F90092257C /* Game Engine */;
			productType = "com.apple.product-type.tool";
		};
/* End PBXNativeTarget section */

/* Begin PBXProject section */
		0A06331A265967F90092257C /* Project object */ = {
			isa = PBXProject;
			attributes = {
				LastUpgradeCheck = 1250;
				TargetAttributes = {
					0A063321265967F90092257C = {
						CreatedOnToolsVersion = 12.5;
					};
				};
			};
			buildConfigurationList = 0A06331D265967F90092257C /* Build configuration list for PBXProject "Game Engine" */;
			compatibilityVersion = "Xcode 9.3";
			developmentRegion = en;
			hasScannedForEncodings = 0;
			knownRegions = (
				en,
				Base,
			);
			mainGroup = 0A063319265967F90092257C;
			productRefGroup = 0A063323265967F90092257C /* Products */;
			projectDirPath = "";
			projectRoot = "";
			targets = (
				0A063321265967F90092257C /* Game Engine */,
			);
		};
/* End PBXProject section */

/* Begin PBXSourcesBuildPhase section */
		0A06331E265967F90092257C /* Sources */ = {
			isa = PBXSourcesBuildPhase;
			buildActionMask = 2147483647;
			files = (
				0A063326265967F90092257C /* main.cpp in Sources */,
				0A81F31A26756052007EACD3 /* pch.cpp in Sources */,
			);
			runOnlyForDeploymentPostprocessing = 0;
		};
/* End PBXSourcesBuildPhase section */

/* Begin XCBuildConfiguration section */
		0A063327265967F90092257C /* Debug */ = {
			isa = XCBuildConfiguration;
			buildSettings = {
				ALWAYS_SEARCH_USER_PATHS = NO;
				CLANG_ANALYZER_NONNULL = YES;
				CLANG_ANALYZER_NUMBER_OBJECT_CONVERSION = YES_AGGRESSIVE;
				CLANG_CXX_LANGUAGE_STANDARD = "gnu++14";
				CLANG_CXX_LIBRARY = "libc++";
				CLANG_ENABLE_MODULES = YES;
				CLANG_ENABLE_OBJC_ARC = YES;
				CLANG_ENABLE_OBJC_WEAK = YES;
				CLANG_WARN_BLOCK_CAPTURE_AUTORELEASING = YES;
				CLANG_WARN_BOOL_CONVERSION = YES;
				CLANG_WARN_COMMA = YES;
				CLANG_WARN_CONSTANT_CONVERSION = YES;
				CLANG_WARN_DEPRECATED_OBJC_IMPLEMENTATIONS = YES;
				CLANG_WARN_DIRECT_OBJC_ISA_USAGE = YES_ERROR;
				CLANG_WARN_DOCUMENTATION_COMMENTS = YES;
				CLANG_WARN_EMPTY_BODY = YES;
				CLANG_WARN_ENUM_CONVERSION = YES;
				CLANG_WARN_INFINITE_RECURSION = YES;
				CLANG_WARN_INT_CONVERSION = YES;
				CLANG_WARN_NON_LITERAL_NULL_CONVERSION = YES;
				CLANG_WARN_OBJC_IMPLICIT_RETAIN_SELF = YES;
				CLANG_WARN_OBJC_LITERAL_CONVERSION = YES;
				CLANG_WARN_OBJC_ROOT_CLASS = YES_ERROR;
				CLANG_WARN_QUOTED_INCLUDE_IN_FRAMEWORK_HEADER = YES;
				CLANG_WARN_RANGE_LOOP_ANALYSIS = YES;
				CLANG_WARN_STRICT_PROTOTYPES = YES;
				CLANG_WARN_SUSPICIOUS_MOVE = YES;
				CLANG_WARN_UNGUARDED_AVAILABILITY = YES_AGGRESSIVE;
				CLANG_WARN_UNREACHABLE_CODE = YES;
				CLANG_WARN__DUPLICATE_METHOD_MATCH = YES;
				COPY_PHASE_STRIP = NO;
				DEBUG_INFORMATION_FORMAT = dwarf;
				ENABLE_STRICT_OBJC_MSGSEND = YES;
				ENABLE_TESTABILITY = YES;
				GCC_C_LANGUAGE_STANDARD = gnu11;
				GCC_DYNAMIC_NO_PIC = NO;
				GCC_NO_COMMON_BLOCKS = YES;
				GCC_OPTIMIZATION_LEVEL = 0;
				GCC_PREPROCESSOR_DEFINITIONS = (
					"DEBUG=1",
					"$(inherited)",
				);
				GCC_WARN_64_TO_32_BIT_CONVERSION = YES;
				GCC_WARN_ABOUT_RETURN_TYPE = YES_ERROR;
				GCC_WARN_UNDECLARED_SELECTOR = YES;
				GCC_WARN_UNINITIALIZED_AUTOS = YES_AGGRESSIVE;
				GCC_WARN_UNUSED_FUNCTION = YES;
				GCC_WARN_UNUSED_VARIABLE = YES;
				MACOSX_DEPLOYMENT_TARGET = 11.2;
				MTL_ENABLE_DEBUG_INFO = INCLUDE_SOURCE;
				MTL_FAST_MATH = YES;
				ONLY_ACTIVE_ARCH = YES;
				SDKROOT = macosx;
			};
			name = Debug;
		};
		0A063328265967F90092257C /* Release */ = {
			isa = XCBuildConfiguration;
			buildSettings = {
				ALWAYS_SEARCH_USER_PATHS = NO;
				CLANG_ANALYZER_NONNULL = YES;
				CLANG_ANALYZER_NUMBER_OBJECT_CONVERSION = YES_AGGRESSIVE;
				CLANG_CXX_LANGUAGE_STANDARD = "gnu++14";
				CLANG_CXX_LIBRARY = "libc++";
				CLANG_ENABLE_MODULES = YES;
				CLANG_ENABLE_OBJC_ARC = YES;
				CLANG_ENABLE_OBJC_WEAK = YES;
				CLANG_WARN_BLOCK_CAPTURE_AUTORELEASING = YES;
				CLANG_WARN_BOOL_CONVERSION = YES;
				CLANG_WARN_COMMA = YES;
				CLANG_WARN_CONSTANT_CONVERSION = YES;
				CLANG_WARN_DEPRECATED_OBJC_IMPLEMENTATIONS = YES;
				CLANG_WARN_DIRECT_OBJC_ISA_USAGE = YES_ERROR;
				CLANG_WARN_DOCUMENTATION_COMMENTS = YES;
				CLANG_WARN_EMPTY_BODY = YES;
				CLANG_WARN_ENUM_CONVERSION = YES;
				CLANG_WARN_INFINITE_RECURSION = YES;
				CLANG_WARN_INT_CONVERSION = YES;
				CLANG_WARN_NON_LITERAL_NULL_CONVERSION = YES;
				CLANG_WARN_OBJC_IMPLICIT_RETAIN_SELF = YES;
				CLANG_WARN_OBJC_LITERAL_CONVERSION = YES;
				CLANG_WARN_OBJC_ROOT_CLASS = YES_ERROR;
				CLANG_WARN_QUOTED_INCLUDE_IN_FRAMEWORK_HEADER = YES;
				CLANG_WARN_RANGE_LOOP_ANALYSIS = YES;
				CLANG_WARN_STRICT_PROTOTYPES = YES;
				CLANG_WARN_SUSPICIOUS_MOVE = YES;
				CLANG_WARN_UNGUARDED_AVAILABILITY = YES_AGGRESSIVE;
				CLANG_WARN_UNREACHABLE_CODE = YES;
				CLANG_WARN__DUPLICATE_METHOD_MATCH = YES;
				COPY_PHASE_STRIP = NO;
				DEBUG_INFORMATION_FORMAT = "dwarf-with-dsym";
				ENABLE_NS_ASSERTIONS = NO;
				ENABLE_STRICT_OBJC_MSGSEND = YES;
				GCC_C_LANGUAGE_STANDARD = gnu11;
				GCC_NO_COMMON_BLOCKS = YES;
				GCC_WARN_64_TO_32_BIT_CONVERSION = YES;
				GCC_WARN_ABOUT_RETURN_TYPE = YES_ERROR;
				GCC_WARN_UNDECLARED_SELECTOR = YES;
				GCC_WARN_UNINITIALIZED_AUTOS = YES_AGGRESSIVE;
				GCC_WARN_UNUSED_FUNCTION = YES;
				GCC_WARN_UNUSED_VARIABLE = YES;
				MACOSX_DEPLOYMENT_TARGET = 11.2;
				MTL_ENABLE_DEBUG_INFO = NO;
				MTL_FAST_MATH = YES;
				SDKROOT = macosx;
			};
			name = Release;
		};
		0A06332A265967F90092257C /* Debug */ = {
			isa = XCBuildConfiguration;
			buildSettings = {
				ARCHS = x86_64;
				CLANG_CXX_LANGUAGE_STANDARD = "c++17";
				CLANG_WARN_DOCUMENTATION_COMMENTS = NO;
				CODE_SIGN_STYLE = Automatic;
				EXCLUDED_SOURCE_FILE_NAMES = "$(PROJECT_DIR)/deps/*";
				GCC_PRECOMPILE_PREFIX_HEADER = YES;
				GCC_PREFIX_HEADER = "$(PROJECT_DIR)/src/pch.h";
				HEADER_SEARCH_PATHS = (
					"$(PROJECT_DIR)/deps/include",
					"$(PROJECT_DIR)",
				);
				LIBRARY_SEARCH_PATHS = (
					"$(inherited)",
					"$(PROJECT_DIR)/deps/lib",
				);
				PRODUCT_NAME = "$(TARGET_NAME)";
				VALIDATE_WORKSPACE_SKIPPED_SDK_FRAMEWORKS = OpenGL;
			};
			name = Debug;
		};
		0A06332B265967F90092257C /* Release */ = {
			isa = XCBuildConfiguration;
			buildSettings = {
				ARCHS = x86_64;
				CLANG_CXX_LANGUAGE_STANDARD = "c++17";
				CLANG_WARN_DOCUMENTATION_COMMENTS = NO;
				CODE_SIGN_STYLE = Automatic;
				EXCLUDED_SOURCE_FILE_NAMES = "$(PROJECT_DIR)/deps/*";
				GCC_PRECOMPILE_PREFIX_HEADER = YES;
				GCC_PREFIX_HEADER = "$(PROJECT_DIR)/src/pch.h";
				HEADER_SEARCH_PATHS = (
					"$(PROJECT_DIR)/deps/include",
					"$(PROJECT_DIR)",
				);
				LIBRARY_SEARCH_PATHS = (
					"$(inherited)",
					"$(PROJECT_DIR)/deps/lib",
				);
				PRODUCT_NAME = "$(TARGET_NAME)";
				VALIDATE_WORKSPACE_SKIPPED_SDK_FRAMEWORKS = OpenGL;
			};
			name = Release;
		};
/* End XCBuildConfiguration section */

/* Begin XCConfigurationList section */
		0A06331D265967F90092257C /* Build configuration list for PBXProject "Game Engine" */ = {
			isa = XCConfigurationList;
			buildConfigurations = (
				0A063327265967F90092257C /* Debug */,
				0A063328265967F90092257C /* Release */,
			);
			defaultConfigurationIsVisible = 0;
			defaultConfigurationName = Release;
		};
		0A063329265967F90092257C /* Build configuration list for PBXNativeTarget "Game Engine" */ = {
			isa = XCConfigurationList;
			buildConfigurations = (
				0A06332A265967F90092257C /* Debug */,
				0A06332B265967F90092257C /* Release */,
			);
			defaultConfigurationIsVisible = 0;
			defaultConfigurationName = Release;
		};
/* End XCConfigurationList section */
	};
	rootObject = 0A06331A265967F90092257C /* Project object */;
}
